
Microsoft Visual Studio Solution File, Format Version 12.00
# Visual Studio Version 17
VisualStudioVersion = 17.10.35122.118
MinimumVisualStudioVersion = 10.0.40219.1
Project("{FAE04EC0-301F-11D3-BF4B-00C04F79EFBC}") = "Enums_BarnettLandon", "Enums_BarnettLandon\Enums_BarnettLandon.csproj", "{4FBA5E91-F3C5-43C0-A016-9C1774E5944D}"
EndProject
Global
	GlobalSection(SolutionConfigurationPlatforms) = preSolution
		Debug|Any CPU = Debug|Any CPU
		Release|Any CPU = Release|Any CPU
	EndGlobalSection
	GlobalSection(ProjectConfigurationPlatforms) = postSolution
		{4FBA5E91-F3C5-43C0-A016-9C1774E5944D}.Debug|Any CPU.ActiveCfg = Debug|Any CPU
		{4FBA5E91-F3C5-43C0-A016-9C1774E5944D}.Debug|Any CPU.Build.0 = Debug|Any CPU
		{4FBA5E91-F3C5-43C0-A016-9C1774E5944D}.Release|Any CPU.ActiveCfg = Release|Any CPU
		{4FBA5E91-F3C5-43C0-A016-9C1774E5944D}.Release|Any CPU.Build.0 = Release|Any CPU
	EndGlobalSection
	GlobalSection(SolutionProperties) = preSolution
		HideSolutionNode = FALSE
	EndGlobalSection
	GlobalSection(ExtensibilityGlobals) = postSolution
		SolutionGuid = {DA745398-9F5F-4B95-9D40-AB52E156E4D1}
	EndGlobalSection
EndGlobal
